// !$*UTF8*$!
{
	archiveVersion = 1;
	classes = {
	};
	objectVersion = 56;
	objects = {

/* Begin PBXBuildFile section */
		A6A87CF32B512F2300E3ED12 /* AppDelegate.swift in Sources */ = {isa = PBXBuildFile; fileRef = A6A87CF22B512F2300E3ED12 /* AppDelegate.swift */; };
		A6A87CF52B512F2300E3ED12 /* SceneDelegate.swift in Sources */ = {isa = PBXBuildFile; fileRef = A6A87CF42B512F2300E3ED12 /* SceneDelegate.swift */; };
		A6A87CFC2B512F2400E3ED12 /* Assets.xcassets in Resources */ = {isa = PBXBuildFile; fileRef = A6A87CFB2B512F2400E3ED12 /* Assets.xcassets */; };
		A6A87CFF2B512F2400E3ED12 /* LaunchScreen.storyboard in Resources */ = {isa = PBXBuildFile; fileRef = A6A87CFD2B512F2400E3ED12 /* LaunchScreen.storyboard */; };
		A6A87D092B51578900E3ED12 /* FoodViewController.swift in Sources */ = {isa = PBXBuildFile; fileRef = A6A87D072B51578900E3ED12 /* FoodViewController.swift */; };
		A6A87D0A2B51578900E3ED12 /* FoodViewController.xib in Resources */ = {isa = PBXBuildFile; fileRef = A6A87D082B51578900E3ED12 /* FoodViewController.xib */; };
		A6A87D0E2B51593900E3ED12 /* FoodCollectionViewCell.swift in Sources */ = {isa = PBXBuildFile; fileRef = A6A87D0C2B51593900E3ED12 /* FoodCollectionViewCell.swift */; };
		A6A87D0F2B51593900E3ED12 /* FoodCollectionViewCell.xib in Resources */ = {isa = PBXBuildFile; fileRef = A6A87D0D2B51593900E3ED12 /* FoodCollectionViewCell.xib */; };
		A6A87D122B5170A100E3ED12 /* DataModel.swift in Sources */ = {isa = PBXBuildFile; fileRef = A6A87D112B5170A100E3ED12 /* DataModel.swift */; };
/* End PBXBuildFile section */

/* Begin PBXFileReference section */
		A6A87CEF2B512F2300E3ED12 /* FoodTableCollection.app */ = {isa = PBXFileReference; explicitFileType = wrapper.application; includeInIndex = 0; path = FoodTableCollection.app; sourceTree = BUILT_PRODUCTS_DIR; };
		A6A87CF22B512F2300E3ED12 /* AppDelegate.swift */ = {isa = PBXFileReference; lastKnownFileType = sourcecode.swift; path = AppDelegate.swift; sourceTree = "<group>"; };
		A6A87CF42B512F2300E3ED12 /* SceneDelegate.swift */ = {isa = PBXFileReference; lastKnownFileType = sourcecode.swift; path = SceneDelegate.swift; sourceTree = "<group>"; };
		A6A87CFB2B512F2400E3ED12 /* Assets.xcassets */ = {isa = PBXFileReference; lastKnownFileType = folder.assetcatalog; path = Assets.xcassets; sourceTree = "<group>"; };
		A6A87CFE2B512F2400E3ED12 /* Base */ = {isa = PBXFileReference; lastKnownFileType = file.storyboard; name = Base; path = Base.lproj/LaunchScreen.storyboard; sourceTree = "<group>"; };
		A6A87D002B512F2400E3ED12 /* Info.plist */ = {isa = PBXFileReference; lastKnownFileType = text.plist.xml; path = Info.plist; sourceTree = "<group>"; };
		A6A87D072B51578900E3ED12 /* FoodViewController.swift */ = {isa = PBXFileReference; lastKnownFileType = sourcecode.swift; path = FoodViewController.swift; sourceTree = "<group>"; };
		A6A87D082B51578900E3ED12 /* FoodViewController.xib */ = {isa = PBXFileReference; lastKnownFileType = file.xib; path = FoodViewController.xib; sourceTree = "<group>"; };
		A6A87D0C2B51593900E3ED12 /* FoodCollectionViewCell.swift */ = {isa = PBXFileReference; lastKnownFileType = sourcecode.swift; path = FoodCollectionViewCell.swift; sourceTree = "<group>"; };
		A6A87D0D2B51593900E3ED12 /* FoodCollectionViewCell.xib */ = {isa = PBXFileReference; lastKnownFileType = file.xib; path = FoodCollectionViewCell.xib; sourceTree = "<group>"; };
		A6A87D112B5170A100E3ED12 /* DataModel.swift */ = {isa = PBXFileReference; lastKnownFileType = sourcecode.swift; path = DataModel.swift; sourceTree = "<group>"; };
/* End PBXFileReference section */

/* Begin PBXFrameworksBuildPhase section */
		A6A87CEC2B512F2300E3ED12 /* Frameworks */ = {
			isa = PBXFrameworksBuildPhase;
			buildActionMask = 2147483647;
			files = (
			);
			runOnlyForDeploymentPostprocessing = 0;
		};
/* End PBXFrameworksBuildPhase section */

/* Begin PBXGroup section */
		A6A87CE62B512F2200E3ED12 = {
			isa = PBXGroup;
			children = (
				A6A87CF12B512F2300E3ED12 /* FoodTableCollection */,
				A6A87CF02B512F2300E3ED12 /* Products */,
			);
			sourceTree = "<group>";
		};
		A6A87CF02B512F2300E3ED12 /* Products */ = {
			isa = PBXGroup;
			children = (
				A6A87CEF2B512F2300E3ED12 /* FoodTableCollection.app */,
			);
			name = Products;
			sourceTree = "<group>";
		};
		A6A87CF12B512F2300E3ED12 /* FoodTableCollection */ = {
			isa = PBXGroup;
			children = (
				A6A87D062B51574B00E3ED12 /* FoodHomeView */,
				A6A87CF22B512F2300E3ED12 /* AppDelegate.swift */,
				A6A87CF42B512F2300E3ED12 /* SceneDelegate.swift */,
				A6A87CFB2B512F2400E3ED12 /* Assets.xcassets */,
				A6A87CFD2B512F2400E3ED12 /* LaunchScreen.storyboard */,
				A6A87D002B512F2400E3ED12 /* Info.plist */,
			);
			path = FoodTableCollection;
			sourceTree = "<group>";
		};
		A6A87D062B51574B00E3ED12 /* FoodHomeView */ = {
			isa = PBXGroup;
			children = (
				A6A87D0B2B51590000E3ED12 /* FoodCell */,
				A6A87D072B51578900E3ED12 /* FoodViewController.swift */,
				A6A87D082B51578900E3ED12 /* FoodViewController.xib */,
			);
			path = FoodHomeView;
			sourceTree = "<group>";
		};
		A6A87D0B2B51590000E3ED12 /* FoodCell */ = {
			isa = PBXGroup;
			children = (
				A6A87D102B51708400E3ED12 /* Model */,
				A6A87D0C2B51593900E3ED12 /* FoodCollectionViewCell.swift */,
				A6A87D0D2B51593900E3ED12 /* FoodCollectionViewCell.xib */,
			);
			path = FoodCell;
			sourceTree = "<group>";
		};
		A6A87D102B51708400E3ED12 /* Model */ = {
			isa = PBXGroup;
			children = (
				A6A87D112B5170A100E3ED12 /* DataModel.swift */,
			);
			path = Model;
			sourceTree = "<group>";
		};
/* End PBXGroup section */

/* Begin PBXNativeTarget section */
		A6A87CEE2B512F2300E3ED12 /* FoodTableCollection */ = {
			isa = PBXNativeTarget;
			buildConfigurationList = A6A87D032B512F2400E3ED12 /* Build configuration list for PBXNativeTarget "FoodTableCollection" */;
			buildPhases = (
				A6A87CEB2B512F2300E3ED12 /* Sources */,
				A6A87CEC2B512F2300E3ED12 /* Frameworks */,
				A6A87CED2B512F2300E3ED12 /* Resources */,
			);
			buildRules = (
			);
			dependencies = (
			);
			name = FoodTableCollection;
			productName = FoodTableCollection;
			productReference = A6A87CEF2B512F2300E3ED12 /* FoodTableCollection.app */;
			productType = "com.apple.product-type.application";
		};
/* End PBXNativeTarget section */

/* Begin PBXProject section */
		A6A87CE72B512F2200E3ED12 /* Project object */ = {
			isa = PBXProject;
			attributes = {
				BuildIndependentTargetsInParallel = 1;
				LastSwiftUpdateCheck = 1520;
				LastUpgradeCheck = 1520;
				TargetAttributes = {
					A6A87CEE2B512F2300E3ED12 = {
						CreatedOnToolsVersion = 15.2;
					};
				};
			};
			buildConfigurationList = A6A87CEA2B512F2200E3ED12 /* Build configuration list for PBXProject "FoodTableCollection" */;
			compatibilityVersion = "Xcode 14.0";
			developmentRegion = en;
			hasScannedForEncodings = 0;
			knownRegions = (
				en,
				Base,
			);
			mainGroup = A6A87CE62B512F2200E3ED12;
			productRefGroup = A6A87CF02B512F2300E3ED12 /* Products */;
			projectDirPath = "";
			projectRoot = "";
			targets = (
				A6A87CEE2B512F2300E3ED12 /* FoodTableCollection */,
			);
		};
/* End PBXProject section */

/* Begin PBXResourcesBuildPhase section */
		A6A87CED2B512F2300E3ED12 /* Resources */ = {
			isa = PBXResourcesBuildPhase;
			buildActionMask = 2147483647;
			files = (
				A6A87D0A2B51578900E3ED12 /* FoodViewController.xib in Resources */,
				A6A87CFF2B512F2400E3ED12 /* LaunchScreen.storyboard in Resources */,
				A6A87D0F2B51593900E3ED12 /* FoodCollectionViewCell.xib in Resources */,
				A6A87CFC2B512F2400E3ED12 /* Assets.xcassets in Resources */,
			);
			runOnlyForDeploymentPostprocessing = 0;
		};
/* End PBXResourcesBuildPhase section */

/* Begin PBXSourcesBuildPhase section */
		A6A87CEB2B512F2300E3ED12 /* Sources */ = {
			isa = PBXSourcesBuildPhase;
			buildActionMask = 2147483647;
			files = (
				A6A87D122B5170A100E3ED12 /* DataModel.swift in Sources */,
				A6A87CF32B512F2300E3ED12 /* AppDelegate.swift in Sources */,
				A6A87D092B51578900E3ED12 /* FoodViewController.swift in Sources */,
				A6A87D0E2B51593900E3ED12 /* FoodCollectionViewCell.swift in Sources */,
				A6A87CF52B512F2300E3ED12 /* SceneDelegate.swift in Sources */,
			);
			runOnlyForDeploymentPostprocessing = 0;
		};
/* End PBXSourcesBuildPhase section */

/* Begin PBXVariantGroup section */
		A6A87CFD2B512F2400E3ED12 /* LaunchScreen.storyboard */ = {
			isa = PBXVariantGroup;
			children = (
				A6A87CFE2B512F2400E3ED12 /* Base */,
			);
			name = LaunchScreen.storyboard;
			sourceTree = "<group>";
		};
/* End PBXVariantGroup section */

/* Begin XCBuildConfiguration section */
		A6A87D012B512F2400E3ED12 /* Debug */ = {
			isa = XCBuildConfiguration;
			buildSettings = {
				ALWAYS_SEARCH_USER_PATHS = NO;
				ASSETCATALOG_COMPILER_GENERATE_SWIFT_ASSET_SYMBOL_EXTENSIONS = YES;
				CLANG_ANALYZER_NONNULL = YES;
				CLANG_ANALYZER_NUMBER_OBJECT_CONVERSION = YES_AGGRESSIVE;
				CLANG_CXX_LANGUAGE_STANDARD = "gnu++20";
				CLANG_ENABLE_MODULES = YES;
				CLANG_ENABLE_OBJC_ARC = YES;
				CLANG_ENABLE_OBJC_WEAK = YES;
				CLANG_WARN_BLOCK_CAPTURE_AUTORELEASING = YES;
				CLANG_WARN_BOOL_CONVERSION = YES;
				CLANG_WARN_COMMA = YES;
				CLANG_WARN_CONSTANT_CONVERSION = YES;
				CLANG_WARN_DEPRECATED_OBJC_IMPLEMENTATIONS = YES;
				CLANG_WARN_DIRECT_OBJC_ISA_USAGE = YES_ERROR;
				CLANG_WARN_DOCUMENTATION_COMMENTS = YES;
				CLANG_WARN_EMPTY_BODY = YES;
				CLANG_WARN_ENUM_CONVERSION = YES;
				CLANG_WARN_INFINITE_RECURSION = YES;
				CLANG_WARN_INT_CONVERSION = YES;
				CLANG_WARN_NON_LITERAL_NULL_CONVERSION = YES;
				CLANG_WARN_OBJC_IMPLICIT_RETAIN_SELF = YES;
				CLANG_WARN_OBJC_LITERAL_CONVERSION = YES;
				CLANG_WARN_OBJC_ROOT_CLASS = YES_ERROR;
				CLANG_WARN_QUOTED_INCLUDE_IN_FRAMEWORK_HEADER = YES;
				CLANG_WARN_RANGE_LOOP_ANALYSIS = YES;
				CLANG_WARN_STRICT_PROTOTYPES = YES;
				CLANG_WARN_SUSPICIOUS_MOVE = YES;
				CLANG_WARN_UNGUARDED_AVAILABILITY = YES_AGGRESSIVE;
				CLANG_WARN_UNREACHABLE_CODE = YES;
				CLANG_WARN__DUPLICATE_METHOD_MATCH = YES;
				COPY_PHASE_STRIP = NO;
				DEBUG_INFORMATION_FORMAT = dwarf;
				ENABLE_STRICT_OBJC_MSGSEND = YES;
				ENABLE_TESTABILITY = YES;
				ENABLE_USER_SCRIPT_SANDBOXING = YES;
				GCC_C_LANGUAGE_STANDARD = gnu17;
				GCC_DYNAMIC_NO_PIC = NO;
				GCC_NO_COMMON_BLOCKS = YES;
				GCC_OPTIMIZATION_LEVEL = 0;
				GCC_PREPROCESSOR_DEFINITIONS = (
					"DEBUG=1",
					"$(inherited)",
				);
				GCC_WARN_64_TO_32_BIT_CONVERSION = YES;
				GCC_WARN_ABOUT_RETURN_TYPE = YES_ERROR;
				GCC_WARN_UNDECLARED_SELECTOR = YES;
				GCC_WARN_UNINITIALIZED_AUTOS = YES_AGGRESSIVE;
				GCC_WARN_UNUSED_FUNCTION = YES;
				GCC_WARN_UNUSED_VARIABLE = YES;
				IPHONEOS_DEPLOYMENT_TARGET = 17.2;
				LOCALIZATION_PREFERS_STRING_CATALOGS = YES;
				MTL_ENABLE_DEBUG_INFO = INCLUDE_SOURCE;
				MTL_FAST_MATH = YES;
				ONLY_ACTIVE_ARCH = YES;
				SDKROOT = iphoneos;
				SWIFT_ACTIVE_COMPILATION_CONDITIONS = "DEBUG $(inherited)";
				SWIFT_OPTIMIZATION_LEVEL = "-Onone";
			};
			name = Debug;
		};
		A6A87D022B512F2400E3ED12 /* Release */ = {
			isa = XCBuildConfiguration;
			buildSettings = {
				ALWAYS_SEARCH_USER_PATHS = NO;
				ASSETCATALOG_COMPILER_GENERATE_SWIFT_ASSET_SYMBOL_EXTENSIONS = YES;
				CLANG_ANALYZER_NONNULL = YES;
				CLANG_ANALYZER_NUMBER_OBJECT_CONVERSION = YES_AGGRESSIVE;
				CLANG_CXX_LANGUAGE_STANDARD = "gnu++20";
				CLANG_ENABLE_MODULES = YES;
				CLANG_ENABLE_OBJC_ARC = YES;
				CLANG_ENABLE_OBJC_WEAK = YES;
				CLANG_WARN_BLOCK_CAPTURE_AUTORELEASING = YES;
				CLANG_WARN_BOOL_CONVERSION = YES;
				CLANG_WARN_COMMA = YES;
				CLANG_WARN_CONSTANT_CONVERSION = YES;
				CLANG_WARN_DEPRECATED_OBJC_IMPLEMENTATIONS = YES;
				CLANG_WARN_DIRECT_OBJC_ISA_USAGE = YES_ERROR;
				CLANG_WARN_DOCUMENTATION_COMMENTS = YES;
				CLANG_WARN_EMPTY_BODY = YES;
				CLANG_WARN_ENUM_CONVERSION = YES;
				CLANG_WARN_INFINITE_RECURSION = YES;
				CLANG_WARN_INT_CONVERSION = YES;
				CLANG_WARN_NON_LITERAL_NULL_CONVERSION = YES;
				CLANG_WARN_OBJC_IMPLICIT_RETAIN_SELF = YES;
				CLANG_WARN_OBJC_LITERAL_CONVERSION = YES;
				CLANG_WARN_OBJC_ROOT_CLASS = YES_ERROR;
				CLANG_WARN_QUOTED_INCLUDE_IN_FRAMEWORK_HEADER = YES;
				CLANG_WARN_RANGE_LOOP_ANALYSIS = YES;
				CLANG_WARN_STRICT_PROTOTYPES = YES;
				CLANG_WARN_SUSPICIOUS_MOVE = YES;
				CLANG_WARN_UNGUARDED_AVAILABILITY = YES_AGGRESSIVE;
				CLANG_WARN_UNREACHABLE_CODE = YES;
				CLANG_WARN__DUPLICATE_METHOD_MATCH = YES;
				COPY_PHASE_STRIP = NO;
				DEBUG_INFORMATION_FORMAT = "dwarf-with-dsym";
				ENABLE_NS_ASSERTIONS = NO;
				ENABLE_STRICT_OBJC_MSGSEND = YES;
				ENABLE_USER_SCRIPT_SANDBOXING = YES;
				GCC_C_LANGUAGE_STANDARD = gnu17;
				GCC_NO_COMMON_BLOCKS = YES;
				GCC_WARN_64_TO_32_BIT_CONVERSION = YES;
				GCC_WARN_ABOUT_RETURN_TYPE = YES_ERROR;
				GCC_WARN_UNDECLARED_SELECTOR = YES;
				GCC_WARN_UNINITIALIZED_AUTOS = YES_AGGRESSIVE;
				GCC_WARN_UNUSED_FUNCTION = YES;
				GCC_WARN_UNUSED_VARIABLE = YES;
				IPHONEOS_DEPLOYMENT_TARGET = 17.2;
				LOCALIZATION_PREFERS_STRING_CATALOGS = YES;
				MTL_ENABLE_DEBUG_INFO = NO;
				MTL_FAST_MATH = YES;
				SDKROOT = iphoneos;
				SWIFT_COMPILATION_MODE = wholemodule;
				VALIDATE_PRODUCT = YES;
			};
			name = Release;
		};
		A6A87D042B512F2400E3ED12 /* Debug */ = {
			isa = XCBuildConfiguration;
			buildSettings = {
				ASSETCATALOG_COMPILER_APPICON_NAME = AppIcon;
				ASSETCATALOG_COMPILER_GLOBAL_ACCENT_COLOR_NAME = AccentColor;
				CODE_SIGN_STYLE = Automatic;
				CURRENT_PROJECT_VERSION = 1;
				DEVELOPMENT_TEAM = W2P8F2N2L2;
				GENERATE_INFOPLIST_FILE = YES;
				INFOPLIST_FILE = FoodTableCollection/Info.plist;
				INFOPLIST_KEY_UIApplicationSupportsIndirectInputEvents = YES;
				INFOPLIST_KEY_UILaunchStoryboardName = LaunchScreen;
				INFOPLIST_KEY_UISupportedInterfaceOrientations_iPad = "UIInterfaceOrientationPortrait UIInterfaceOrientationPortraitUpsideDown UIInterfaceOrientationLandscapeLeft UIInterfaceOrientationLandscapeRight";
				INFOPLIST_KEY_UISupportedInterfaceOrientations_iPhone = "UIInterfaceOrientationPortrait UIInterfaceOrientationLandscapeLeft UIInterfaceOrientationLandscapeRight";
				LD_RUNPATH_SEARCH_PATHS = (
					"$(inherited)",
					"@executable_path/Frameworks",
				);
				MARKETING_VERSION = 1.0;
				PRODUCT_BUNDLE_IDENTIFIER = com.myapp.FoodTableCollection;
				PRODUCT_NAME = "$(TARGET_NAME)";
				SWIFT_EMIT_LOC_STRINGS = YES;
				SWIFT_VERSION = 5.0;
				TARGETED_DEVICE_FAMILY = "1,2";
			};
			name = Debug;
		};
		A6A87D052B512F2400E3ED12 /* Release */ = {
			isa = XCBuildConfiguration;
			buildSettings = {
				ASSETCATALOG_COMPILER_APPICON_NAME = AppIcon;
				ASSETCATALOG_COMPILER_GLOBAL_ACCENT_COLOR_NAME = AccentColor;
				CODE_SIGN_STYLE = Automatic;
				CURRENT_PROJECT_VERSION = 1;
				DEVELOPMENT_TEAM = W2P8F2N2L2;
				GENERATE_INFOPLIST_FILE = YES;
				INFOPLIST_FILE = FoodTableCollection/Info.plist;
				INFOPLIST_KEY_UIApplicationSupportsIndirectInputEvents = YES;
				INFOPLIST_KEY_UILaunchStoryboardName = LaunchScreen;
				INFOPLIST_KEY_UISupportedInterfaceOrientations_iPad = "UIInterfaceOrientationPortrait UIInterfaceOrientationPortraitUpsideDown UIInterfaceOrientationLandscapeLeft UIInterfaceOrientationLandscapeRight";
				INFOPLIST_KEY_UISupportedInterfaceOrientations_iPhone = "UIInterfaceOrientationPortrait UIInterfaceOrientationLandscapeLeft UIInterfaceOrientationLandscapeRight";
				LD_RUNPATH_SEARCH_PATHS = (
					"$(inherited)",
					"@executable_path/Frameworks",
				);
				MARKETING_VERSION = 1.0;
				PRODUCT_BUNDLE_IDENTIFIER = com.myapp.FoodTableCollection;
				PRODUCT_NAME = "$(TARGET_NAME)";
				SWIFT_EMIT_LOC_STRINGS = YES;
				SWIFT_VERSION = 5.0;
				TARGETED_DEVICE_FAMILY = "1,2";
			};
			name = Release;
		};
/* End XCBuildConfiguration section */

/* Begin XCConfigurationList section */
		A6A87CEA2B512F2200E3ED12 /* Build configuration list for PBXProject "FoodTableCollection" */ = {
			isa = XCConfigurationList;
			buildConfigurations = (
				A6A87D012B512F2400E3ED12 /* Debug */,
				A6A87D022B512F2400E3ED12 /* Release */,
			);
			defaultConfigurationIsVisible = 0;
			defaultConfigurationName = Release;
		};
		A6A87D032B512F2400E3ED12 /* Build configuration list for PBXNativeTarget "FoodTableCollection" */ = {
			isa = XCConfigurationList;
			buildConfigurations = (
				A6A87D042B512F2400E3ED12 /* Debug */,
				A6A87D052B512F2400E3ED12 /* Release */,
			);
			defaultConfigurationIsVisible = 0;
			defaultConfigurationName = Release;
		};
/* End XCConfigurationList section */
	};
	rootObject = A6A87CE72B512F2200E3ED12 /* Project object */;
}
